// !$*UTF8*$!
{
	archiveVersion = 1;
	classes = {
	};
	objectVersion = 55;
	objects = {

/* Begin PBXBuildFile section */
		EC22124027DE6DAA002FA481 /* TwitterCloneApp.swift in Sources */ = {isa = PBXBuildFile; fileRef = EC22123F27DE6DAA002FA481 /* TwitterCloneApp.swift */; };
		EC22124227DE6DAA002FA481 /* ContentView.swift in Sources */ = {isa = PBXBuildFile; fileRef = EC22124127DE6DAA002FA481 /* ContentView.swift */; };
		EC22124427DE6DAD002FA481 /* Assets.xcassets in Resources */ = {isa = PBXBuildFile; fileRef = EC22124327DE6DAD002FA481 /* Assets.xcassets */; };
		EC22124727DE6DAD002FA481 /* Preview Assets.xcassets in Resources */ = {isa = PBXBuildFile; fileRef = EC22124627DE6DAD002FA481 /* Preview Assets.xcassets */; };
		EC22125827DE7D2C002FA481 /* FeedView.swift in Sources */ = {isa = PBXBuildFile; fileRef = EC22125727DE7D2C002FA481 /* FeedView.swift */; };
		EC22125B27DE7E87002FA481 /* TweetRowView.swift in Sources */ = {isa = PBXBuildFile; fileRef = EC22125A27DE7E87002FA481 /* TweetRowView.swift */; };
		EC22125E27DFADB6002FA481 /* MainTabView.swift in Sources */ = {isa = PBXBuildFile; fileRef = EC22125D27DFADB6002FA481 /* MainTabView.swift */; };
		EC22126427DFAF58002FA481 /* MessagesView.swift in Sources */ = {isa = PBXBuildFile; fileRef = EC22126327DFAF58002FA481 /* MessagesView.swift */; };
		EC22126627DFAF6B002FA481 /* NotificationView.swift in Sources */ = {isa = PBXBuildFile; fileRef = EC22126527DFAF6B002FA481 /* NotificationView.swift */; };
		EC22126827DFAF75002FA481 /* ExploreView.swift in Sources */ = {isa = PBXBuildFile; fileRef = EC22126727DFAF75002FA481 /* ExploreView.swift */; };
		EC22126C27DFB0D2002FA481 /* ProfileView.swift in Sources */ = {isa = PBXBuildFile; fileRef = EC22126B27DFB0D2002FA481 /* ProfileView.swift */; };
/* End PBXBuildFile section */

/* Begin PBXFileReference section */
		EC22123C27DE6DAA002FA481 /* TwitterClone.app */ = {isa = PBXFileReference; explicitFileType = wrapper.application; includeInIndex = 0; path = TwitterClone.app; sourceTree = BUILT_PRODUCTS_DIR; };
		EC22123F27DE6DAA002FA481 /* TwitterCloneApp.swift */ = {isa = PBXFileReference; lastKnownFileType = sourcecode.swift; path = TwitterCloneApp.swift; sourceTree = "<group>"; };
		EC22124127DE6DAA002FA481 /* ContentView.swift */ = {isa = PBXFileReference; lastKnownFileType = sourcecode.swift; path = ContentView.swift; sourceTree = "<group>"; };
		EC22124327DE6DAD002FA481 /* Assets.xcassets */ = {isa = PBXFileReference; lastKnownFileType = folder.assetcatalog; path = Assets.xcassets; sourceTree = "<group>"; };
		EC22124627DE6DAD002FA481 /* Preview Assets.xcassets */ = {isa = PBXFileReference; lastKnownFileType = folder.assetcatalog; path = "Preview Assets.xcassets"; sourceTree = "<group>"; };
		EC22125727DE7D2C002FA481 /* FeedView.swift */ = {isa = PBXFileReference; lastKnownFileType = sourcecode.swift; path = FeedView.swift; sourceTree = "<group>"; };
		EC22125A27DE7E87002FA481 /* TweetRowView.swift */ = {isa = PBXFileReference; lastKnownFileType = sourcecode.swift; path = TweetRowView.swift; sourceTree = "<group>"; };
		EC22125D27DFADB6002FA481 /* MainTabView.swift */ = {isa = PBXFileReference; lastKnownFileType = sourcecode.swift; path = MainTabView.swift; sourceTree = "<group>"; };
		EC22126327DFAF58002FA481 /* MessagesView.swift */ = {isa = PBXFileReference; lastKnownFileType = sourcecode.swift; path = MessagesView.swift; sourceTree = "<group>"; };
		EC22126527DFAF6B002FA481 /* NotificationView.swift */ = {isa = PBXFileReference; lastKnownFileType = sourcecode.swift; path = NotificationView.swift; sourceTree = "<group>"; };
		EC22126727DFAF75002FA481 /* ExploreView.swift */ = {isa = PBXFileReference; lastKnownFileType = sourcecode.swift; path = ExploreView.swift; sourceTree = "<group>"; };
		EC22126B27DFB0D2002FA481 /* ProfileView.swift */ = {isa = PBXFileReference; lastKnownFileType = sourcecode.swift; path = ProfileView.swift; sourceTree = "<group>"; };
/* End PBXFileReference section */

/* Begin PBXFrameworksBuildPhase section */
		EC22123927DE6DAA002FA481 /* Frameworks */ = {
			isa = PBXFrameworksBuildPhase;
			buildActionMask = 2147483647;
			files = (
			);
			runOnlyForDeploymentPostprocessing = 0;
		};
/* End PBXFrameworksBuildPhase section */

/* Begin PBXGroup section */
		EC22123327DE6DAA002FA481 = {
			isa = PBXGroup;
			children = (
				EC22123E27DE6DAA002FA481 /* TwitterClone */,
				EC22123D27DE6DAA002FA481 /* Products */,
			);
			sourceTree = "<group>";
		};
		EC22123D27DE6DAA002FA481 /* Products */ = {
			isa = PBXGroup;
			children = (
				EC22123C27DE6DAA002FA481 /* TwitterClone.app */,
			);
			name = Products;
			sourceTree = "<group>";
		};
		EC22123E27DE6DAA002FA481 /* TwitterClone */ = {
			isa = PBXGroup;
			children = (
				EC22125227DE7C29002FA481 /* Extensions */,
				EC22125127DE7C28002FA481 /* Model */,
				EC22124E27DE7C22002FA481 /* Service */,
				EC22124D27DE7C17002FA481 /* Core */,
				EC22123F27DE6DAA002FA481 /* TwitterCloneApp.swift */,
				EC22124127DE6DAA002FA481 /* ContentView.swift */,
				EC22124327DE6DAD002FA481 /* Assets.xcassets */,
				EC22124527DE6DAD002FA481 /* Preview Content */,
			);
			path = TwitterClone;
			sourceTree = "<group>";
		};
		EC22124527DE6DAD002FA481 /* Preview Content */ = {
			isa = PBXGroup;
			children = (
				EC22124627DE6DAD002FA481 /* Preview Assets.xcassets */,
			);
			path = "Preview Content";
			sourceTree = "<group>";
		};
		EC22124D27DE7C17002FA481 /* Core */ = {
			isa = PBXGroup;
			children = (
				EC22125327DE7C8F002FA481 /* Componets */,
				EC22126227DFAF00002FA481 /* Profile */,
				EC22126127DFAEF2002FA481 /* Messages */,
				EC22126027DFAEE1002FA481 /* Notification */,
				EC22125F27DFAED1002FA481 /* Explore */,
				EC22125C27DFAD87002FA481 /* MainTab */,
				EC22125427DE7C9F002FA481 /* Feed */,
			);
			path = Core;
			sourceTree = "<group>";
		};
		EC22124E27DE7C22002FA481 /* Service */ = {
			isa = PBXGroup;
			children = (
			);
			path = Service;
			sourceTree = "<group>";
		};
		EC22125127DE7C28002FA481 /* Model */ = {
			isa = PBXGroup;
			children = (
			);
			path = Model;
			sourceTree = "<group>";
		};
		EC22125227DE7C29002FA481 /* Extensions */ = {
			isa = PBXGroup;
			children = (
			);
			path = Extensions;
			sourceTree = "<group>";
		};
		EC22125327DE7C8F002FA481 /* Componets */ = {
			isa = PBXGroup;
			children = (
				EC22125927DE7E4B002FA481 /* Tweets */,
			);
			path = Componets;
			sourceTree = "<group>";
		};
		EC22125427DE7C9F002FA481 /* Feed */ = {
			isa = PBXGroup;
			children = (
				EC22125627DE7D05002FA481 /* View */,
				EC22125527DE7CF7002FA481 /* ViewModels */,
			);
			path = Feed;
			sourceTree = "<group>";
		};
		EC22125527DE7CF7002FA481 /* ViewModels */ = {
			isa = PBXGroup;
			children = (
			);
			path = ViewModels;
			sourceTree = "<group>";
		};
		EC22125627DE7D05002FA481 /* View */ = {
			isa = PBXGroup;
			children = (
				EC22125727DE7D2C002FA481 /* FeedView.swift */,
			);
			path = View;
			sourceTree = "<group>";
		};
		EC22125927DE7E4B002FA481 /* Tweets */ = {
			isa = PBXGroup;
			children = (
				EC22125A27DE7E87002FA481 /* TweetRowView.swift */,
			);
			path = Tweets;
			sourceTree = "<group>";
		};
		EC22125C27DFAD87002FA481 /* MainTab */ = {
			isa = PBXGroup;
			children = (
				EC22125D27DFADB6002FA481 /* MainTabView.swift */,
			);
			path = MainTab;
			sourceTree = "<group>";
		};
		EC22125F27DFAED1002FA481 /* Explore */ = {
			isa = PBXGroup;
			children = (
				EC22126727DFAF75002FA481 /* ExploreView.swift */,
			);
			path = Explore;
			sourceTree = "<group>";
		};
		EC22126027DFAEE1002FA481 /* Notification */ = {
			isa = PBXGroup;
			children = (
				EC22126527DFAF6B002FA481 /* NotificationView.swift */,
			);
			path = Notification;
			sourceTree = "<group>";
		};
		EC22126127DFAEF2002FA481 /* Messages */ = {
			isa = PBXGroup;
			children = (
				EC22126327DFAF58002FA481 /* MessagesView.swift */,
			);
			path = Messages;
			sourceTree = "<group>";
		};
		EC22126227DFAF00002FA481 /* Profile */ = {
			isa = PBXGroup;
			children = (
				EC22126927DFB0A3002FA481 /* ViewModels */,
				EC22126A27DFB0B0002FA481 /* Views */,
			);
			path = Profile;
			sourceTree = "<group>";
		};
		EC22126927DFB0A3002FA481 /* ViewModels */ = {
			isa = PBXGroup;
			children = (
			);
			path = ViewModels;
			sourceTree = "<group>";
		};
		EC22126A27DFB0B0002FA481 /* Views */ = {
			isa = PBXGroup;
			children = (
				EC22126B27DFB0D2002FA481 /* ProfileView.swift */,
			);
			path = Views;
			sourceTree = "<group>";
		};
/* End PBXGroup section */

/* Begin PBXNativeTarget section */
		EC22123B27DE6DAA002FA481 /* TwitterClone */ = {
			isa = PBXNativeTarget;
			buildConfigurationList = EC22124A27DE6DAD002FA481 /* Build configuration list for PBXNativeTarget "TwitterClone" */;
			buildPhases = (
				EC22123827DE6DAA002FA481 /* Sources */,
				EC22123927DE6DAA002FA481 /* Frameworks */,
				EC22123A27DE6DAA002FA481 /* Resources */,
			);
			buildRules = (
			);
			dependencies = (
			);
			name = TwitterClone;
			productName = TwitterClone;
			productReference = EC22123C27DE6DAA002FA481 /* TwitterClone.app */;
			productType = "com.apple.product-type.application";
		};
/* End PBXNativeTarget section */

/* Begin PBXProject section */
		EC22123427DE6DAA002FA481 /* Project object */ = {
			isa = PBXProject;
			attributes = {
				BuildIndependentTargetsInParallel = 1;
				LastSwiftUpdateCheck = 1320;
				LastUpgradeCheck = 1320;
				TargetAttributes = {
					EC22123B27DE6DAA002FA481 = {
						CreatedOnToolsVersion = 13.2.1;
					};
				};
			};
			buildConfigurationList = EC22123727DE6DAA002FA481 /* Build configuration list for PBXProject "TwitterClone" */;
			compatibilityVersion = "Xcode 13.0";
			developmentRegion = en;
			hasScannedForEncodings = 0;
			knownRegions = (
				en,
				Base,
			);
			mainGroup = EC22123327DE6DAA002FA481;
			productRefGroup = EC22123D27DE6DAA002FA481 /* Products */;
			projectDirPath = "";
			projectRoot = "";
			targets = (
				EC22123B27DE6DAA002FA481 /* TwitterClone */,
			);
		};
/* End PBXProject section */

/* Begin PBXResourcesBuildPhase section */
		EC22123A27DE6DAA002FA481 /* Resources */ = {
			isa = PBXResourcesBuildPhase;
			buildActionMask = 2147483647;
			files = (
				EC22124727DE6DAD002FA481 /* Preview Assets.xcassets in Resources */,
				EC22124427DE6DAD002FA481 /* Assets.xcassets in Resources */,
			);
			runOnlyForDeploymentPostprocessing = 0;
		};
/* End PBXResourcesBuildPhase section */

/* Begin PBXSourcesBuildPhase section */
		EC22123827DE6DAA002FA481 /* Sources */ = {
			isa = PBXSourcesBuildPhase;
			buildActionMask = 2147483647;
			files = (
				EC22124227DE6DAA002FA481 /* ContentView.swift in Sources */,
				EC22126C27DFB0D2002FA481 /* ProfileView.swift in Sources */,
				EC22125B27DE7E87002FA481 /* TweetRowView.swift in Sources */,
				EC22126427DFAF58002FA481 /* MessagesView.swift in Sources */,
				EC22126627DFAF6B002FA481 /* NotificationView.swift in Sources */,
				EC22125827DE7D2C002FA481 /* FeedView.swift in Sources */,
				EC22124027DE6DAA002FA481 /* TwitterCloneApp.swift in Sources */,
				EC22126827DFAF75002FA481 /* ExploreView.swift in Sources */,
				EC22125E27DFADB6002FA481 /* MainTabView.swift in Sources */,
			);
			runOnlyForDeploymentPostprocessing = 0;
		};
/* End PBXSourcesBuildPhase section */

/* Begin XCBuildConfiguration section */
		EC22124827DE6DAD002FA481 /* Debug */ = {
			isa = XCBuildConfiguration;
			buildSettings = {
				ALWAYS_SEARCH_USER_PATHS = NO;
				CLANG_ANALYZER_NONNULL = YES;
				CLANG_ANALYZER_NUMBER_OBJECT_CONVERSION = YES_AGGRESSIVE;
				CLANG_CXX_LANGUAGE_STANDARD = "gnu++17";
				CLANG_CXX_LIBRARY = "libc++";
				CLANG_ENABLE_MODULES = YES;
				CLANG_ENABLE_OBJC_ARC = YES;
				CLANG_ENABLE_OBJC_WEAK = YES;
				CLANG_WARN_BLOCK_CAPTURE_AUTORELEASING = YES;
				CLANG_WARN_BOOL_CONVERSION = YES;
				CLANG_WARN_COMMA = YES;
				CLANG_WARN_CONSTANT_CONVERSION = YES;
				CLANG_WARN_DEPRECATED_OBJC_IMPLEMENTATIONS = YES;
				CLANG_WARN_DIRECT_OBJC_ISA_USAGE = YES_ERROR;
				CLANG_WARN_DOCUMENTATION_COMMENTS = YES;
				CLANG_WARN_EMPTY_BODY = YES;
				CLANG_WARN_ENUM_CONVERSION = YES;
				CLANG_WARN_INFINITE_RECURSION = YES;
				CLANG_WARN_INT_CONVERSION = YES;
				CLANG_WARN_NON_LITERAL_NULL_CONVERSION = YES;
				CLANG_WARN_OBJC_IMPLICIT_RETAIN_SELF = YES;
				CLANG_WARN_OBJC_LITERAL_CONVERSION = YES;
				CLANG_WARN_OBJC_ROOT_CLASS = YES_ERROR;
				CLANG_WARN_QUOTED_INCLUDE_IN_FRAMEWORK_HEADER = YES;
				CLANG_WARN_RANGE_LOOP_ANALYSIS = YES;
				CLANG_WARN_STRICT_PROTOTYPES = YES;
				CLANG_WARN_SUSPICIOUS_MOVE = YES;
				CLANG_WARN_UNGUARDED_AVAILABILITY = YES_AGGRESSIVE;
				CLANG_WARN_UNREACHABLE_CODE = YES;
				CLANG_WARN__DUPLICATE_METHOD_MATCH = YES;
				COPY_PHASE_STRIP = NO;
				DEBUG_INFORMATION_FORMAT = dwarf;
				ENABLE_STRICT_OBJC_MSGSEND = YES;
				ENABLE_TESTABILITY = YES;
				GCC_C_LANGUAGE_STANDARD = gnu11;
				GCC_DYNAMIC_NO_PIC = NO;
				GCC_NO_COMMON_BLOCKS = YES;
				GCC_OPTIMIZATION_LEVEL = 0;
				GCC_PREPROCESSOR_DEFINITIONS = (
					"DEBUG=1",
					"$(inherited)",
				);
				GCC_WARN_64_TO_32_BIT_CONVERSION = YES;
				GCC_WARN_ABOUT_RETURN_TYPE = YES_ERROR;
				GCC_WARN_UNDECLARED_SELECTOR = YES;
				GCC_WARN_UNINITIALIZED_AUTOS = YES_AGGRESSIVE;
				GCC_WARN_UNUSED_FUNCTION = YES;
				GCC_WARN_UNUSED_VARIABLE = YES;
				IPHONEOS_DEPLOYMENT_TARGET = 15.2;
				MTL_ENABLE_DEBUG_INFO = INCLUDE_SOURCE;
				MTL_FAST_MATH = YES;
				ONLY_ACTIVE_ARCH = YES;
				SDKROOT = iphoneos;
				SWIFT_ACTIVE_COMPILATION_CONDITIONS = DEBUG;
				SWIFT_OPTIMIZATION_LEVEL = "-Onone";
			};
			name = Debug;
		};
		EC22124927DE6DAD002FA481 /* Release */ = {
			isa = XCBuildConfiguration;
			buildSettings = {
				ALWAYS_SEARCH_USER_PATHS = NO;
				CLANG_ANALYZER_NONNULL = YES;
				CLANG_ANALYZER_NUMBER_OBJECT_CONVERSION = YES_AGGRESSIVE;
				CLANG_CXX_LANGUAGE_STANDARD = "gnu++17";
				CLANG_CXX_LIBRARY = "libc++";
				CLANG_ENABLE_MODULES = YES;
				CLANG_ENABLE_OBJC_ARC = YES;
				CLANG_ENABLE_OBJC_WEAK = YES;
				CLANG_WARN_BLOCK_CAPTURE_AUTORELEASING = YES;
				CLANG_WARN_BOOL_CONVERSION = YES;
				CLANG_WARN_COMMA = YES;
				CLANG_WARN_CONSTANT_CONVERSION = YES;
				CLANG_WARN_DEPRECATED_OBJC_IMPLEMENTATIONS = YES;
				CLANG_WARN_DIRECT_OBJC_ISA_USAGE = YES_ERROR;
				CLANG_WARN_DOCUMENTATION_COMMENTS = YES;
				CLANG_WARN_EMPTY_BODY = YES;
				CLANG_WARN_ENUM_CONVERSION = YES;
				CLANG_WARN_INFINITE_RECURSION = YES;
				CLANG_WARN_INT_CONVERSION = YES;
				CLANG_WARN_NON_LITERAL_NULL_CONVERSION = YES;
				CLANG_WARN_OBJC_IMPLICIT_RETAIN_SELF = YES;
				CLANG_WARN_OBJC_LITERAL_CONVERSION = YES;
				CLANG_WARN_OBJC_ROOT_CLASS = YES_ERROR;
				CLANG_WARN_QUOTED_INCLUDE_IN_FRAMEWORK_HEADER = YES;
				CLANG_WARN_RANGE_LOOP_ANALYSIS = YES;
				CLANG_WARN_STRICT_PROTOTYPES = YES;
				CLANG_WARN_SUSPICIOUS_MOVE = YES;
				CLANG_WARN_UNGUARDED_AVAILABILITY = YES_AGGRESSIVE;
				CLANG_WARN_UNREACHABLE_CODE = YES;
				CLANG_WARN__DUPLICATE_METHOD_MATCH = YES;
				COPY_PHASE_STRIP = NO;
				DEBUG_INFORMATION_FORMAT = "dwarf-with-dsym";
				ENABLE_NS_ASSERTIONS = NO;
				ENABLE_STRICT_OBJC_MSGSEND = YES;
				GCC_C_LANGUAGE_STANDARD = gnu11;
				GCC_NO_COMMON_BLOCKS = YES;
				GCC_WARN_64_TO_32_BIT_CONVERSION = YES;
				GCC_WARN_ABOUT_RETURN_TYPE = YES_ERROR;
				GCC_WARN_UNDECLARED_SELECTOR = YES;
				GCC_WARN_UNINITIALIZED_AUTOS = YES_AGGRESSIVE;
				GCC_WARN_UNUSED_FUNCTION = YES;
				GCC_WARN_UNUSED_VARIABLE = YES;
				IPHONEOS_DEPLOYMENT_TARGET = 15.2;
				MTL_ENABLE_DEBUG_INFO = NO;
				MTL_FAST_MATH = YES;
				SDKROOT = iphoneos;
				SWIFT_COMPILATION_MODE = wholemodule;
				SWIFT_OPTIMIZATION_LEVEL = "-O";
				VALIDATE_PRODUCT = YES;
			};
			name = Release;
		};
		EC22124B27DE6DAD002FA481 /* Debug */ = {
			isa = XCBuildConfiguration;
			buildSettings = {
				ASSETCATALOG_COMPILER_APPICON_NAME = AppIcon;
				ASSETCATALOG_COMPILER_GLOBAL_ACCENT_COLOR_NAME = AccentColor;
				CODE_SIGN_STYLE = Automatic;
				CURRENT_PROJECT_VERSION = 1;
				DEVELOPMENT_ASSET_PATHS = "\"TwitterClone/Preview Content\"";
				DEVELOPMENT_TEAM = BYYP83SV94;
				ENABLE_PREVIEWS = YES;
				GENERATE_INFOPLIST_FILE = YES;
				INFOPLIST_KEY_UIApplicationSceneManifest_Generation = YES;
				INFOPLIST_KEY_UIApplicationSupportsIndirectInputEvents = YES;
				INFOPLIST_KEY_UILaunchScreen_Generation = YES;
				INFOPLIST_KEY_UISupportedInterfaceOrientations_iPad = "UIInterfaceOrientationPortrait UIInterfaceOrientationPortraitUpsideDown UIInterfaceOrientationLandscapeLeft UIInterfaceOrientationLandscapeRight";
				INFOPLIST_KEY_UISupportedInterfaceOrientations_iPhone = "UIInterfaceOrientationPortrait UIInterfaceOrientationLandscapeLeft UIInterfaceOrientationLandscapeRight";
				LD_RUNPATH_SEARCH_PATHS = (
					"$(inherited)",
					"@executable_path/Frameworks",
				);
				MARKETING_VERSION = 1.0;
				PRODUCT_BUNDLE_IDENTIFIER = Brotsky.TwitterClone;
				PRODUCT_NAME = "$(TARGET_NAME)";
				SWIFT_EMIT_LOC_STRINGS = YES;
				SWIFT_VERSION = 5.0;
				TARGETED_DEVICE_FAMILY = "1,2";
			};
			name = Debug;
		};
		EC22124C27DE6DAD002FA481 /* Release */ = {
			isa = XCBuildConfiguration;
			buildSettings = {
				ASSETCATALOG_COMPILER_APPICON_NAME = AppIcon;
				ASSETCATALOG_COMPILER_GLOBAL_ACCENT_COLOR_NAME = AccentColor;
				CODE_SIGN_STYLE = Automatic;
				CURRENT_PROJECT_VERSION = 1;
				DEVELOPMENT_ASSET_PATHS = "\"TwitterClone/Preview Content\"";
				DEVELOPMENT_TEAM = BYYP83SV94;
				ENABLE_PREVIEWS = YES;
				GENERATE_INFOPLIST_FILE = YES;
				INFOPLIST_KEY_UIApplicationSceneManifest_Generation = YES;
				INFOPLIST_KEY_UIApplicationSupportsIndirectInputEvents = YES;
				INFOPLIST_KEY_UILaunchScreen_Generation = YES;
				INFOPLIST_KEY_UISupportedInterfaceOrientations_iPad = "UIInterfaceOrientationPortrait UIInterfaceOrientationPortraitUpsideDown UIInterfaceOrientationLandscapeLeft UIInterfaceOrientationLandscapeRight";
				INFOPLIST_KEY_UISupportedInterfaceOrientations_iPhone = "UIInterfaceOrientationPortrait UIInterfaceOrientationLandscapeLeft UIInterfaceOrientationLandscapeRight";
				LD_RUNPATH_SEARCH_PATHS = (
					"$(inherited)",
					"@executable_path/Frameworks",
				);
				MARKETING_VERSION = 1.0;
				PRODUCT_BUNDLE_IDENTIFIER = Brotsky.TwitterClone;
				PRODUCT_NAME = "$(TARGET_NAME)";
				SWIFT_EMIT_LOC_STRINGS = YES;
				SWIFT_VERSION = 5.0;
				TARGETED_DEVICE_FAMILY = "1,2";
			};
			name = Release;
		};
/* End XCBuildConfiguration section */

/* Begin XCConfigurationList section */
		EC22123727DE6DAA002FA481 /* Build configuration list for PBXProject "TwitterClone" */ = {
			isa = XCConfigurationList;
			buildConfigurations = (
				EC22124827DE6DAD002FA481 /* Debug */,
				EC22124927DE6DAD002FA481 /* Release */,
			);
			defaultConfigurationIsVisible = 0;
			defaultConfigurationName = Release;
		};
		EC22124A27DE6DAD002FA481 /* Build configuration list for PBXNativeTarget "TwitterClone" */ = {
			isa = XCConfigurationList;
			buildConfigurations = (
				EC22124B27DE6DAD002FA481 /* Debug */,
				EC22124C27DE6DAD002FA481 /* Release */,
			);
			defaultConfigurationIsVisible = 0;
			defaultConfigurationName = Release;
		};
/* End XCConfigurationList section */
	};
	rootObject = EC22123427DE6DAA002FA481 /* Project object */;
}
